
Microsoft Visual Studio Solution File, Format Version 12.00
# Visual Studio Version 16
VisualStudioVersion = 16.0.31702.278
MinimumVisualStudioVersion = 10.0.40219.1
Project("{FAE04EC0-301F-11D3-BF4B-00C04F79EFBC}") = "conditionstatement", "conditionstatement\conditionstatement.csproj", "{1BCA35EE-F615-4D11-B026-C14111CA291B}"
EndProject
Global
	GlobalSection(SolutionConfigurationPlatforms) = preSolution
		Debug|Any CPU = Debug|Any CPU
		Release|Any CPU = Release|Any CPU
	EndGlobalSection
	GlobalSection(ProjectConfigurationPlatforms) = postSolution
		{1BCA35EE-F615-4D11-B026-C14111CA291B}.Debug|Any CPU.ActiveCfg = Debug|Any CPU
		{1BCA35EE-F615-4D11-B026-C14111CA291B}.Debug|Any CPU.Build.0 = Debug|Any CPU
		{1BCA35EE-F615-4D11-B026-C14111CA291B}.Release|Any CPU.ActiveCfg = Release|Any CPU
		{1BCA35EE-F615-4D11-B026-C14111CA291B}.Release|Any CPU.Build.0 = Release|Any CPU
	EndGlobalSection
	GlobalSection(SolutionProperties) = preSolution
		HideSolutionNode = FALSE
	EndGlobalSection
	GlobalSection(ExtensibilityGlobals) = postSolution
		SolutionGuid = {D2B9F3F2-4FCC-40F4-8C95-039DE8D773B4}
	EndGlobalSection
EndGlobal
